
Microsoft Visual Studio Solution File, Format Version 12.00
# Visual Studio Version 17
VisualStudioVersion = 17.8.34330.188
MinimumVisualStudioVersion = 10.0.40219.1
Project("{2150E333-8FDC-42A3-9474-1A3956D46DE8}") = "API", "API", "{9112F512-85DB-4094-A9D4-D0D54504AF79}"
EndProject
Project("{2150E333-8FDC-42A3-9474-1A3956D46DE8}") = "UI", "UI", "{A404DFF8-8348-4081-A259-30C66531681C}"
EndProject
Project("{9A19103F-16F7-4668-BE54-9A1E7A4F7556}") = "Hotel.WebApi", "API\Hotel.WebApi\Hotel.WebApi.csproj", "{16F6DBBC-AF60-4178-B2D1-8580CCB9154B}"
EndProject
Project("{9A19103F-16F7-4668-BE54-9A1E7A4F7556}") = "Hotel.EntityLayer", "API\Hotel.EntityLayer\Hotel.EntityLayer.csproj", "{C5C184BD-6399-4472-9150-67CCF933FE84}"
EndProject
Project("{9A19103F-16F7-4668-BE54-9A1E7A4F7556}") = "Hotel.DataAccessLayer", "API\Hotel.DataAccessLayer\Hotel.DataAccessLayer.csproj", "{A278A274-05F7-4657-BEAF-8BA5A31B6461}"
EndProject
Project("{9A19103F-16F7-4668-BE54-9A1E7A4F7556}") = "Hotel.BusinessLayer", "API\Hotel.BusinessLayer\Hotel.BusinessLayer.csproj", "{DABAECB5-AD13-4BF7-9C9C-490BFD5C065A}"
EndProject
Project("{9A19103F-16F7-4668-BE54-9A1E7A4F7556}") = "Hotel.DtoLayer", "API\Hotel.DtoLayer\Hotel.DtoLayer.csproj", "{C1062921-39D8-4129-AE68-9C7DEB903FCD}"
EndProject
Project("{9A19103F-16F7-4668-BE54-9A1E7A4F7556}") = "Hotel.WebUI", "UI\Hotel.WebUI\Hotel.WebUI.csproj", "{EE90A388-21B5-41C2-AF8E-8B4884BF0499}"
EndProject
Global
	GlobalSection(SolutionConfigurationPlatforms) = preSolution
		Debug|Any CPU = Debug|Any CPU
		Release|Any CPU = Release|Any CPU
	EndGlobalSection
	GlobalSection(ProjectConfigurationPlatforms) = postSolution
		{16F6DBBC-AF60-4178-B2D1-8580CCB9154B}.Debug|Any CPU.ActiveCfg = Debug|Any CPU
		{16F6DBBC-AF60-4178-B2D1-8580CCB9154B}.Debug|Any CPU.Build.0 = Debug|Any CPU
		{16F6DBBC-AF60-4178-B2D1-8580CCB9154B}.Release|Any CPU.ActiveCfg = Release|Any CPU
		{16F6DBBC-AF60-4178-B2D1-8580CCB9154B}.Release|Any CPU.Build.0 = Release|Any CPU
		{C5C184BD-6399-4472-9150-67CCF933FE84}.Debug|Any CPU.ActiveCfg = Debug|Any CPU
		{C5C184BD-6399-4472-9150-67CCF933FE84}.Debug|Any CPU.Build.0 = Debug|Any CPU
		{C5C184BD-6399-4472-9150-67CCF933FE84}.Release|Any CPU.ActiveCfg = Release|Any CPU
		{C5C184BD-6399-4472-9150-67CCF933FE84}.Release|Any CPU.Build.0 = Release|Any CPU
		{A278A274-05F7-4657-BEAF-8BA5A31B6461}.Debug|Any CPU.ActiveCfg = Debug|Any CPU
		{A278A274-05F7-4657-BEAF-8BA5A31B6461}.Debug|Any CPU.Build.0 = Debug|Any CPU
		{A278A274-05F7-4657-BEAF-8BA5A31B6461}.Release|Any CPU.ActiveCfg = Release|Any CPU
		{A278A274-05F7-4657-BEAF-8BA5A31B6461}.Release|Any CPU.Build.0 = Release|Any CPU
		{DABAECB5-AD13-4BF7-9C9C-490BFD5C065A}.Debug|Any CPU.ActiveCfg = Debug|Any CPU
		{DABAECB5-AD13-4BF7-9C9C-490BFD5C065A}.Debug|Any CPU.Build.0 = Debug|Any CPU
		{DABAECB5-AD13-4BF7-9C9C-490BFD5C065A}.Release|Any CPU.ActiveCfg = Release|Any CPU
		{DABAECB5-AD13-4BF7-9C9C-490BFD5C065A}.Release|Any CPU.Build.0 = Release|Any CPU
		{C1062921-39D8-4129-AE68-9C7DEB903FCD}.Debug|Any CPU.ActiveCfg = Debug|Any CPU
		{C1062921-39D8-4129-AE68-9C7DEB903FCD}.Debug|Any CPU.Build.0 = Debug|Any CPU
		{C1062921-39D8-4129-AE68-9C7DEB903FCD}.Release|Any CPU.ActiveCfg = Release|Any CPU
		{C1062921-39D8-4129-AE68-9C7DEB903FCD}.Release|Any CPU.Build.0 = Release|Any CPU
		{EE90A388-21B5-41C2-AF8E-8B4884BF0499}.Debug|Any CPU.ActiveCfg = Debug|Any CPU
		{EE90A388-21B5-41C2-AF8E-8B4884BF0499}.Debug|Any CPU.Build.0 = Debug|Any CPU
		{EE90A388-21B5-41C2-AF8E-8B4884BF0499}.Release|Any CPU.ActiveCfg = Release|Any CPU
		{EE90A388-21B5-41C2-AF8E-8B4884BF0499}.Release|Any CPU.Build.0 = Release|Any CPU
	EndGlobalSection
	GlobalSection(SolutionProperties) = preSolution
		HideSolutionNode = FALSE
	EndGlobalSection
	GlobalSection(NestedProjects) = preSolution
		{16F6DBBC-AF60-4178-B2D1-8580CCB9154B} = {9112F512-85DB-4094-A9D4-D0D54504AF79}
		{C5C184BD-6399-4472-9150-67CCF933FE84} = {9112F512-85DB-4094-A9D4-D0D54504AF79}
		{A278A274-05F7-4657-BEAF-8BA5A31B6461} = {9112F512-85DB-4094-A9D4-D0D54504AF79}
		{DABAECB5-AD13-4BF7-9C9C-490BFD5C065A} = {9112F512-85DB-4094-A9D4-D0D54504AF79}
		{C1062921-39D8-4129-AE68-9C7DEB903FCD} = {9112F512-85DB-4094-A9D4-D0D54504AF79}
		{EE90A388-21B5-41C2-AF8E-8B4884BF0499} = {A404DFF8-8348-4081-A259-30C66531681C}
	EndGlobalSection
	GlobalSection(ExtensibilityGlobals) = postSolution
		SolutionGuid = {BB2B61C6-35E5-4D6C-9102-F2E8B0321F65}
	EndGlobalSection
EndGlobal
